// !$*UTF8*$!
{
	archiveVersion = 1;
	classes = {
	};
	objectVersion = 46;
	objects = {

/* Begin PBXBuildFile section */
		2AD647671ACD8DB900DF0BC4 /* AppDelegate.swift in Sources */ = {isa = PBXBuildFile; fileRef = 2AD647661ACD8DB900DF0BC4 /* AppDelegate.swift */; };
		2AD647691ACD8DB900DF0BC4 /* ViewController.swift in Sources */ = {isa = PBXBuildFile; fileRef = 2AD647681ACD8DB900DF0BC4 /* ViewController.swift */; };
		2AD6476C1ACD8DB900DF0BC4 /* Main.storyboard in Resources */ = {isa = PBXBuildFile; fileRef = 2AD6476A1ACD8DB900DF0BC4 /* Main.storyboard */; };
		2AD6476E1ACD8DB900DF0BC4 /* Images.xcassets in Resources */ = {isa = PBXBuildFile; fileRef = 2AD6476D1ACD8DB900DF0BC4 /* Images.xcassets */; };
		2AD647711ACD8DB900DF0BC4 /* LaunchScreen.xib in Resources */ = {isa = PBXBuildFile; fileRef = 2AD6476F1ACD8DB900DF0BC4 /* LaunchScreen.xib */; };
		2AD6477D1ACD8DB900DF0BC4 /* crayonTests.swift in Sources */ = {isa = PBXBuildFile; fileRef = 2AD6477C1ACD8DB900DF0BC4 /* crayonTests.swift */; };
/* End PBXBuildFile section */

/* Begin PBXContainerItemProxy section */
		2AD647771ACD8DB900DF0BC4 /* PBXContainerItemProxy */ = {
			isa = PBXContainerItemProxy;
			containerPortal = 2AD647591ACD8DB900DF0BC4 /* Project object */;
			proxyType = 1;
			remoteGlobalIDString = 2AD647601ACD8DB900DF0BC4;
			remoteInfo = crayon;
		};
/* End PBXContainerItemProxy section */

/* Begin PBXFileReference section */
		2AD647611ACD8DB900DF0BC4 /* crayon.app */ = {isa = PBXFileReference; explicitFileType = wrapper.application; includeInIndex = 0; path = crayon.app; sourceTree = BUILT_PRODUCTS_DIR; };
		2AD647651ACD8DB900DF0BC4 /* Info.plist */ = {isa = PBXFileReference; lastKnownFileType = text.plist.xml; path = Info.plist; sourceTree = "<group>"; };
		2AD647661ACD8DB900DF0BC4 /* AppDelegate.swift */ = {isa = PBXFileReference; lastKnownFileType = sourcecode.swift; path = AppDelegate.swift; sourceTree = "<group>"; };
		2AD647681ACD8DB900DF0BC4 /* ViewController.swift */ = {isa = PBXFileReference; lastKnownFileType = sourcecode.swift; path = ViewController.swift; sourceTree = "<group>"; };
		2AD6476B1ACD8DB900DF0BC4 /* Base */ = {isa = PBXFileReference; lastKnownFileType = file.storyboard; name = Base; path = Base.lproj/Main.storyboard; sourceTree = "<group>"; };
		2AD6476D1ACD8DB900DF0BC4 /* Images.xcassets */ = {isa = PBXFileReference; lastKnownFileType = folder.assetcatalog; path = Images.xcassets; sourceTree = "<group>"; };
		2AD647701ACD8DB900DF0BC4 /* Base */ = {isa = PBXFileReference; lastKnownFileType = file.xib; name = Base; path = Base.lproj/LaunchScreen.xib; sourceTree = "<group>"; };
		2AD647761ACD8DB900DF0BC4 /* crayonTests.xctest */ = {isa = PBXFileReference; explicitFileType = wrapper.cfbundle; includeInIndex = 0; path = crayonTests.xctest; sourceTree = BUILT_PRODUCTS_DIR; };
		2AD6477B1ACD8DB900DF0BC4 /* Info.plist */ = {isa = PBXFileReference; lastKnownFileType = text.plist.xml; path = Info.plist; sourceTree = "<group>"; };
		2AD6477C1ACD8DB900DF0BC4 /* crayonTests.swift */ = {isa = PBXFileReference; lastKnownFileType = sourcecode.swift; path = crayonTests.swift; sourceTree = "<group>"; };
/* End PBXFileReference section */

/* Begin PBXFrameworksBuildPhase section */
		2AD6475E1ACD8DB900DF0BC4 /* Frameworks */ = {
			isa = PBXFrameworksBuildPhase;
			buildActionMask = 2147483647;
			files = (
			);
			runOnlyForDeploymentPostprocessing = 0;
		};
		2AD647731ACD8DB900DF0BC4 /* Frameworks */ = {
			isa = PBXFrameworksBuildPhase;
			buildActionMask = 2147483647;
			files = (
			);
			runOnlyForDeploymentPostprocessing = 0;
		};
/* End PBXFrameworksBuildPhase section */

/* Begin PBXGroup section */
		2AD647581ACD8DB900DF0BC4 = {
			isa = PBXGroup;
			children = (
				2AD647631ACD8DB900DF0BC4 /* crayon */,
				2AD647791ACD8DB900DF0BC4 /* crayonTests */,
				2AD647621ACD8DB900DF0BC4 /* Products */,
			);
			sourceTree = "<group>";
		};
		2AD647621ACD8DB900DF0BC4 /* Products */ = {
			isa = PBXGroup;
			children = (
				2AD647611ACD8DB900DF0BC4 /* crayon.app */,
				2AD647761ACD8DB900DF0BC4 /* crayonTests.xctest */,
			);
			name = Products;
			sourceTree = "<group>";
		};
		2AD647631ACD8DB900DF0BC4 /* crayon */ = {
			isa = PBXGroup;
			children = (
				2AD647661ACD8DB900DF0BC4 /* AppDelegate.swift */,
				2AD647681ACD8DB900DF0BC4 /* ViewController.swift */,
				2AD6476A1ACD8DB900DF0BC4 /* Main.storyboard */,
				2AD6476D1ACD8DB900DF0BC4 /* Images.xcassets */,
				2AD6476F1ACD8DB900DF0BC4 /* LaunchScreen.xib */,
				2AD647641ACD8DB900DF0BC4 /* Supporting Files */,
			);
			path = crayon;
			sourceTree = "<group>";
		};
		2AD647641ACD8DB900DF0BC4 /* Supporting Files */ = {
			isa = PBXGroup;
			children = (
				2AD647651ACD8DB900DF0BC4 /* Info.plist */,
			);
			name = "Supporting Files";
			sourceTree = "<group>";
		};
		2AD647791ACD8DB900DF0BC4 /* crayonTests */ = {
			isa = PBXGroup;
			children = (
				2AD6477C1ACD8DB900DF0BC4 /* crayonTests.swift */,
				2AD6477A1ACD8DB900DF0BC4 /* Supporting Files */,
			);
			path = crayonTests;
			sourceTree = "<group>";
		};
		2AD6477A1ACD8DB900DF0BC4 /* Supporting Files */ = {
			isa = PBXGroup;
			children = (
				2AD6477B1ACD8DB900DF0BC4 /* Info.plist */,
			);
			name = "Supporting Files";
			sourceTree = "<group>";
		};
/* End PBXGroup section */

/* Begin PBXNativeTarget section */
		2AD647601ACD8DB900DF0BC4 /* crayon */ = {
			isa = PBXNativeTarget;
			buildConfigurationList = 2AD647801ACD8DB900DF0BC4 /* Build configuration list for PBXNativeTarget "crayon" */;
			buildPhases = (
				2AD6475D1ACD8DB900DF0BC4 /* Sources */,
				2AD6475E1ACD8DB900DF0BC4 /* Frameworks */,
				2AD6475F1ACD8DB900DF0BC4 /* Resources */,
			);
			buildRules = (
			);
			dependencies = (
			);
			name = crayon;
			productName = crayon;
			productReference = 2AD647611ACD8DB900DF0BC4 /* crayon.app */;
			productType = "com.apple.product-type.application";
		};
		2AD647751ACD8DB900DF0BC4 /* crayonTests */ = {
			isa = PBXNativeTarget;
			buildConfigurationList = 2AD647831ACD8DB900DF0BC4 /* Build configuration list for PBXNativeTarget "crayonTests" */;
			buildPhases = (
				2AD647721ACD8DB900DF0BC4 /* Sources */,
				2AD647731ACD8DB900DF0BC4 /* Frameworks */,
				2AD647741ACD8DB900DF0BC4 /* Resources */,
			);
			buildRules = (
			);
			dependencies = (
				2AD647781ACD8DB900DF0BC4 /* PBXTargetDependency */,
			);
			name = crayonTests;
			productName = crayonTests;
			productReference = 2AD647761ACD8DB900DF0BC4 /* crayonTests.xctest */;
			productType = "com.apple.product-type.bundle.unit-test";
		};
/* End PBXNativeTarget section */

/* Begin PBXProject section */
		2AD647591ACD8DB900DF0BC4 /* Project object */ = {
			isa = PBXProject;
			attributes = {
				LastUpgradeCheck = 0620;
				ORGANIZATIONNAME = satisfaction;
				TargetAttributes = {
					2AD647601ACD8DB900DF0BC4 = {
						CreatedOnToolsVersion = 6.2;
					};
					2AD647751ACD8DB900DF0BC4 = {
						CreatedOnToolsVersion = 6.2;
						TestTargetID = 2AD647601ACD8DB900DF0BC4;
					};
				};
			};
			buildConfigurationList = 2AD6475C1ACD8DB900DF0BC4 /* Build configuration list for PBXProject "crayon" */;
			compatibilityVersion = "Xcode 3.2";
			developmentRegion = English;
			hasScannedForEncodings = 0;
			knownRegions = (
				en,
				Base,
			);
			mainGroup = 2AD647581ACD8DB900DF0BC4;
			productRefGroup = 2AD647621ACD8DB900DF0BC4 /* Products */;
			projectDirPath = "";
			projectRoot = "";
			targets = (
				2AD647601ACD8DB900DF0BC4 /* crayon */,
				2AD647751ACD8DB900DF0BC4 /* crayonTests */,
			);
		};
/* End PBXProject section */

/* Begin PBXResourcesBuildPhase section */
		2AD6475F1ACD8DB900DF0BC4 /* Resources */ = {
			isa = PBXResourcesBuildPhase;
			buildActionMask = 2147483647;
			files = (
				2AD6476C1ACD8DB900DF0BC4 /* Main.storyboard in Resources */,
				2AD647711ACD8DB900DF0BC4 /* LaunchScreen.xib in Resources */,
				2AD6476E1ACD8DB900DF0BC4 /* Images.xcassets in Resources */,
			);
			runOnlyForDeploymentPostprocessing = 0;
		};
		2AD647741ACD8DB900DF0BC4 /* Resources */ = {
			isa = PBXResourcesBuildPhase;
			buildActionMask = 2147483647;
			files = (
			);
			runOnlyForDeploymentPostprocessing = 0;
		};
/* End PBXResourcesBuildPhase section */

/* Begin PBXSourcesBuildPhase section */
		2AD6475D1ACD8DB900DF0BC4 /* Sources */ = {
			isa = PBXSourcesBuildPhase;
			buildActionMask = 2147483647;
			files = (
				2AD647691ACD8DB900DF0BC4 /* ViewController.swift in Sources */,
				2AD647671ACD8DB900DF0BC4 /* AppDelegate.swift in Sources */,
			);
			runOnlyForDeploymentPostprocessing = 0;
		};
		2AD647721ACD8DB900DF0BC4 /* Sources */ = {
			isa = PBXSourcesBuildPhase;
			buildActionMask = 2147483647;
			files = (
				2AD6477D1ACD8DB900DF0BC4 /* crayonTests.swift in Sources */,
			);
			runOnlyForDeploymentPostprocessing = 0;
		};
/* End PBXSourcesBuildPhase section */

/* Begin PBXTargetDependency section */
		2AD647781ACD8DB900DF0BC4 /* PBXTargetDependency */ = {
			isa = PBXTargetDependency;
			target = 2AD647601ACD8DB900DF0BC4 /* crayon */;
			targetProxy = 2AD647771ACD8DB900DF0BC4 /* PBXContainerItemProxy */;
		};
/* End PBXTargetDependency section */

/* Begin PBXVariantGroup section */
		2AD6476A1ACD8DB900DF0BC4 /* Main.storyboard */ = {
			isa = PBXVariantGroup;
			children = (
				2AD6476B1ACD8DB900DF0BC4 /* Base */,
			);
			name = Main.storyboard;
			sourceTree = "<group>";
		};
		2AD6476F1ACD8DB900DF0BC4 /* LaunchScreen.xib */ = {
			isa = PBXVariantGroup;
			children = (
				2AD647701ACD8DB900DF0BC4 /* Base */,
			);
			name = LaunchScreen.xib;
			sourceTree = "<group>";
		};
/* End PBXVariantGroup section */

/* Begin XCBuildConfiguration section */
		2AD6477E1ACD8DB900DF0BC4 /* Debug */ = {
			isa = XCBuildConfiguration;
			buildSettings = {
				ALWAYS_SEARCH_USER_PATHS = NO;
				CLANG_CXX_LANGUAGE_STANDARD = "gnu++0x";
				CLANG_CXX_LIBRARY = "libc++";
				CLANG_ENABLE_MODULES = YES;
				CLANG_ENABLE_OBJC_ARC = YES;
				CLANG_WARN_BOOL_CONVERSION = YES;
				CLANG_WARN_CONSTANT_CONVERSION = YES;
				CLANG_WARN_DIRECT_OBJC_ISA_USAGE = YES_ERROR;
				CLANG_WARN_EMPTY_BODY = YES;
				CLANG_WARN_ENUM_CONVERSION = YES;
				CLANG_WARN_INT_CONVERSION = YES;
				CLANG_WARN_OBJC_ROOT_CLASS = YES_ERROR;
				CLANG_WARN_UNREACHABLE_CODE = YES;
				CLANG_WARN__DUPLICATE_METHOD_MATCH = YES;
				"CODE_SIGN_IDENTITY[sdk=iphoneos*]" = "iPhone Developer";
				COPY_PHASE_STRIP = NO;
				ENABLE_STRICT_OBJC_MSGSEND = YES;
				GCC_C_LANGUAGE_STANDARD = gnu99;
				GCC_DYNAMIC_NO_PIC = NO;
				GCC_OPTIMIZATION_LEVEL = 0;
				GCC_PREPROCESSOR_DEFINITIONS = (
					"DEBUG=1",
					"$(inherited)",
				);
				GCC_SYMBOLS_PRIVATE_EXTERN = NO;
				GCC_WARN_64_TO_32_BIT_CONVERSION = YES;
				GCC_WARN_ABOUT_RETURN_TYPE = YES_ERROR;
				GCC_WARN_UNDECLARED_SELECTOR = YES;
				GCC_WARN_UNINITIALIZED_AUTOS = YES_AGGRESSIVE;
				GCC_WARN_UNUSED_FUNCTION = YES;
				GCC_WARN_UNUSED_VARIABLE = YES;
				IPHONEOS_DEPLOYMENT_TARGET = 8.2;
				MTL_ENABLE_DEBUG_INFO = YES;
				ONLY_ACTIVE_ARCH = YES;
				SDKROOT = iphoneos;
				SWIFT_OPTIMIZATION_LEVEL = "-Onone";
			};
			name = Debug;
		};
		2AD6477F1ACD8DB900DF0BC4 /* Release */ = {
			isa = XCBuildConfiguration;
			buildSettings = {
				ALWAYS_SEARCH_USER_PATHS = NO;
				CLANG_CXX_LANGUAGE_STANDARD = "gnu++0x";
				CLANG_CXX_LIBRARY = "libc++";
				CLANG_ENABLE_MODULES = YES;
				CLANG_ENABLE_OBJC_ARC = YES;
				CLANG_WARN_BOOL_CONVERSION = YES;
				CLANG_WARN_CONSTANT_CONVERSION = YES;
				CLANG_WARN_DIRECT_OBJC_ISA_USAGE = YES_ERROR;
				CLANG_WARN_EMPTY_BODY = YES;
				CLANG_WARN_ENUM_CONVERSION = YES;
				CLANG_WARN_INT_CONVERSION = YES;
				CLANG_WARN_OBJC_ROOT_CLASS = YES_ERROR;
				CLANG_WARN_UNREACHABLE_CODE = YES;
				CLANG_WARN__DUPLICATE_METHOD_MATCH = YES;
				"CODE_SIGN_IDENTITY[sdk=iphoneos*]" = "iPhone Developer";
				COPY_PHASE_STRIP = NO;
				ENABLE_NS_ASSERTIONS = NO;
				ENABLE_STRICT_OBJC_MSGSEND = YES;
				GCC_C_LANGUAGE_STANDARD = gnu99;
				GCC_WARN_64_TO_32_BIT_CONVERSION = YES;
				GCC_WARN_ABOUT_RETURN_TYPE = YES_ERROR;
				GCC_WARN_UNDECLARED_SELECTOR = YES;
				GCC_WARN_UNINITIALIZED_AUTOS = YES_AGGRESSIVE;
				GCC_WARN_UNUSED_FUNCTION = YES;
				GCC_WARN_UNUSED_VARIABLE = YES;
				IPHONEOS_DEPLOYMENT_TARGET = 8.2;
				MTL_ENABLE_DEBUG_INFO = NO;
				SDKROOT = iphoneos;
				VALIDATE_PRODUCT = YES;
			};
			name = Release;
		};
		2AD647811ACD8DB900DF0BC4 /* Debug */ = {
			isa = XCBuildConfiguration;
			buildSettings = {
				ASSETCATALOG_COMPILER_APPICON_NAME = AppIcon;
				INFOPLIST_FILE = crayon/Info.plist;
				LD_RUNPATH_SEARCH_PATHS = "$(inherited) @executable_path/Frameworks";
				PRODUCT_NAME = "$(TARGET_NAME)";
			};
			name = Debug;
		};
		2AD647821ACD8DB900DF0BC4 /* Release */ = {
			isa = XCBuildConfiguration;
			buildSettings = {
				ASSETCATALOG_COMPILER_APPICON_NAME = AppIcon;
				INFOPLIST_FILE = crayon/Info.plist;
				LD_RUNPATH_SEARCH_PATHS = "$(inherited) @executable_path/Frameworks";
				PRODUCT_NAME = "$(TARGET_NAME)";
			};
			name = Release;
		};
		2AD647841ACD8DB900DF0BC4 /* Debug */ = {
			isa = XCBuildConfiguration;
			buildSettings = {
				BUNDLE_LOADER = "$(TEST_HOST)";
				FRAMEWORK_SEARCH_PATHS = (
					"$(SDKROOT)/Developer/Library/Frameworks",
					"$(inherited)",
				);
				GCC_PREPROCESSOR_DEFINITIONS = (
					"DEBUG=1",
					"$(inherited)",
				);
				INFOPLIST_FILE = crayonTests/Info.plist;
				LD_RUNPATH_SEARCH_PATHS = "$(inherited) @executable_path/Frameworks @loader_path/Frameworks";
				PRODUCT_NAME = "$(TARGET_NAME)";
				TEST_HOST = "$(BUILT_PRODUCTS_DIR)/crayon.app/crayon";
			};
			name = Debug;
		};
		2AD647851ACD8DB900DF0BC4 /* Release */ = {
			isa = XCBuildConfiguration;
			buildSettings = {
				BUNDLE_LOADER = "$(TEST_HOST)";
				FRAMEWORK_SEARCH_PATHS = (
					"$(SDKROOT)/Developer/Library/Frameworks",
					"$(inherited)",
				);
				INFOPLIST_FILE = crayonTests/Info.plist;
				LD_RUNPATH_SEARCH_PATHS = "$(inherited) @executable_path/Frameworks @loader_path/Frameworks";
				PRODUCT_NAME = "$(TARGET_NAME)";
				TEST_HOST = "$(BUILT_PRODUCTS_DIR)/crayon.app/crayon";
			};
			name = Release;
		};
/* End XCBuildConfiguration section */

/* Begin XCConfigurationList section */
		2AD6475C1ACD8DB900DF0BC4 /* Build configuration list for PBXProject "crayon" */ = {
			isa = XCConfigurationList;
			buildConfigurations = (
				2AD6477E1ACD8DB900DF0BC4 /* Debug */,
				2AD6477F1ACD8DB900DF0BC4 /* Release */,
			);
			defaultConfigurationIsVisible = 0;
			defaultConfigurationName = Release;
		};
		2AD647801ACD8DB900DF0BC4 /* Build configuration list for PBXNativeTarget "crayon" */ = {
			isa = XCConfigurationList;
			buildConfigurations = (
				2AD647811ACD8DB900DF0BC4 /* Debug */,
				2AD647821ACD8DB900DF0BC4 /* Release */,
			);
			defaultConfigurationIsVisible = 0;
		};
		2AD647831ACD8DB900DF0BC4 /* Build configuration list for PBXNativeTarget "crayonTests" */ = {
			isa = XCConfigurationList;
			buildConfigurations = (
				2AD647841ACD8DB900DF0BC4 /* Debug */,
				2AD647851ACD8DB900DF0BC4 /* Release */,
			);
			defaultConfigurationIsVisible = 0;
		};
/* End XCConfigurationList section */
	};
	rootObject = 2AD647591ACD8DB900DF0BC4 /* Project object */;
}
